# This file is automatically @generated by Cargo.
# It is not intended for manual editing.
version = 4

[[package]]
name = "caretta-agent"
version = "0.0.0"
dependencies = [
 "caretta-agent-core",
]

[[package]]
name = "caretta-agent-core"
version = "0.0.0"

[[package]]
name = "caretta-agent-mobile"
version = "0.0.0"
dependencies = [
 "caretta-agent-core",
]
