# This file is automatically @generated by Cargo.
# It is not intended for manual editing.
version = 4

[[package]]
name = "caretta-brain"
version = "0.0.0"
dependencies = [
 "caretta-brain-core",
]

[[package]]
name = "caretta-brain-core"
version = "0.0.0"

[[package]]
name = "caretta-brain-mobile"
version = "0.0.0"
dependencies = [
 "caretta-brain-core",
]
